{
  "name": "docker-dslink",
  "version": "1.0.0",
  "lockfileVersion": 3,
  "requires": true,
  "packages": {
    "": {
      "name": "docker-dslink",
      "version": "1.0.0",
      "license": "ISC",
      "dependencies": {
        "@dglux/dsa": "git+https://github.com/IOT-DSA/sdk-dslink-javascript.git",
        "@types/node": "^20.11.5",
        "dockerode": "^4.0.2",
        "typescript": "^5.3.3"
      },
      "devDependencies": {
        "@types/dockerode": "^3.3.23"
      }
    },
    "node_modules/@balena/dockerignore": {
      "version": "1.0.2",
      "resolved": "https://registry.npmjs.org/@balena/dockerignore/-/dockerignore-1.0.2.tgz",
      "integrity": "sha512-wMue2Sy4GAVTk6Ic4tJVcnfdau+gx2EnG7S+uAEe+TWJFqE4YoWN4/H8MSLj4eYJKxGg26lZwboEniNiNwZQ6Q=="
    },
    "node_modules/@dglux/dsa": {
      "name": "dslink",
      "version": "1.3.0",
      "resolved": "git+ssh://git@github.com/IOT-DSA/sdk-dslink-javascript.git#9987c94477b01687452b8292865d047cf7a3af4a",
      "license": "MIT",
      "dependencies": {
        "dhcurve": "^1.3.0",
        "es6-promises": "^1.0.10",
        "spawn-sync": "^1.0.11",
        "ws": "^0.7.2"
      }
    },
    "node_modules/@types/docker-modem": {
      "version": "3.0.6",
      "resolved": "https://registry.npmjs.org/@types/docker-modem/-/docker-modem-3.0.6.tgz",
      "integrity": "sha512-yKpAGEuKRSS8wwx0joknWxsmLha78wNMe9R2S3UNsVOkZded8UqOrV8KoeDXoXsjndxwyF3eIhyClGbO1SEhEg==",
      "dev": true,
      "dependencies": {
        "@types/node": "*",
        "@types/ssh2": "*"
      }
    },
    "node_modules/@types/dockerode": {
      "version": "3.3.23",
      "resolved": "https://registry.npmjs.org/@types/dockerode/-/dockerode-3.3.23.tgz",
      "integrity": "sha512-Lz5J+NFgZS4cEVhquwjIGH4oQwlVn2h7LXD3boitujBnzOE5o7s9H8hchEjoDK2SlRsJTogdKnQeiJgPPKLIEw==",
      "dev": true,
      "dependencies": {
        "@types/docker-modem": "*",
        "@types/node": "*"
      }
    },
    "node_modules/@types/node": {
      "version": "20.11.5",
      "resolved": "https://registry.npmjs.org/@types/node/-/node-20.11.5.tgz",
      "integrity": "sha512-g557vgQjUUfN76MZAN/dt1z3dzcUsimuysco0KeluHgrPdJXkP/XdAURgyO2W9fZWHRtRBiVKzKn8vyOAwlG+w==",
      "dependencies": {
        "undici-types": "~5.26.4"
      }
    },
    "node_modules/@types/ssh2": {
      "version": "1.11.18",
      "resolved": "https://registry.npmjs.org/@types/ssh2/-/ssh2-1.11.18.tgz",
      "integrity": "sha512-7eH4ppQMFlzvn//zhwD54MWaITR1aSc1oFBye9vb76GZ2Y9PSFYdwVIwOlxRXWs5+1hifntXyt+8a6SUbOD7Hg==",
      "dev": true,
      "dependencies": {
        "@types/node": "^18.11.18"
      }
    },
    "node_modules/@types/ssh2/node_modules/@types/node": {
      "version": "18.19.8",
      "resolved": "https://registry.npmjs.org/@types/node/-/node-18.19.8.tgz",
      "integrity": "sha512-g1pZtPhsvGVTwmeVoexWZLTQaOvXwoSq//pTL0DHeNzUDrFnir4fgETdhjhIxjVnN+hKOuh98+E1eMLnUXstFg==",
      "dev": true,
      "dependencies": {
        "undici-types": "~5.26.4"
      }
    },
    "node_modules/asn1": {
      "version": "0.2.6",
      "resolved": "https://registry.npmjs.org/asn1/-/asn1-0.2.6.tgz",
      "integrity": "sha512-ix/FxPn0MDjeyJ7i/yoHGFt/EX6LyNbxSEhPPXODPL+KB0VPk86UYfL0lMdy+KCnv+fmvIzySwaK5COwqVbWTQ==",
      "dependencies": {
        "safer-buffer": "~2.1.0"
      }
    },
    "node_modules/base64-js": {
      "version": "1.5.1",
      "resolved": "https://registry.npmjs.org/base64-js/-/base64-js-1.5.1.tgz",
      "integrity": "sha512-AKpaYlHn8t4SVbOHCy+b5+KKgvR4vrsD8vbvrbiQJps7fKDTkjkDry6ji0rUJjC0kzbNePLwzxq8iypo41qeWA==",
      "funding": [
        {
          "type": "github",
          "url": "https://github.com/sponsors/feross"
        },
        {
          "type": "patreon",
          "url": "https://www.patreon.com/feross"
        },
        {
          "type": "consulting",
          "url": "https://feross.org/support"
        }
      ]
    },
    "node_modules/bcrypt-pbkdf": {
      "version": "1.0.2",
      "resolved": "https://registry.npmjs.org/bcrypt-pbkdf/-/bcrypt-pbkdf-1.0.2.tgz",
      "integrity": "sha512-qeFIXtP4MSoi6NLqO12WfqARWWuCKi2Rn/9hJLEmtB5yTNr9DqFWkJRCf2qShWzPeAMRnOgCrq0sg/KLv5ES9w==",
      "dependencies": {
        "tweetnacl": "^0.14.3"
      }
    },
    "node_modules/bindings": {
      "version": "1.2.1",
      "resolved": "https://registry.npmjs.org/bindings/-/bindings-1.2.1.tgz",
      "integrity": "sha512-u4cBQNepWxYA55FunZSM7wMi55yQaN0otnhhilNoWHq0MfOfJeQx0v0mRRpolGOExPjZcl6FtB0BB8Xkb88F0g==",
      "optional": true
    },
    "node_modules/bl": {
      "version": "4.1.0",
      "resolved": "https://registry.npmjs.org/bl/-/bl-4.1.0.tgz",
      "integrity": "sha512-1W07cM9gS6DcLperZfFSj+bWLtaPGSOHWhPiGzXmvVJbRLdG82sH/Kn8EtW1VqWVA54AKf2h5k5BbnIbwF3h6w==",
      "dependencies": {
        "buffer": "^5.5.0",
        "inherits": "^2.0.4",
        "readable-stream": "^3.4.0"
      }
    },
    "node_modules/bl/node_modules/readable-stream": {
      "version": "3.6.2",
      "resolved": "https://registry.npmjs.org/readable-stream/-/readable-stream-3.6.2.tgz",
      "integrity": "sha512-9u/sniCrY3D5WdsERHzHE4G2YCXqoG5FTHUiCC4SIbr6XcLZBY05ya9EKjYek9O5xOAwjGq+1JdGBAS7Q9ScoA==",
      "dependencies": {
        "inherits": "^2.0.3",
        "string_decoder": "^1.1.1",
        "util-deprecate": "^1.0.1"
      },
      "engines": {
        "node": ">= 6"
      }
    },
    "node_modules/buffer": {
      "version": "5.7.1",
      "resolved": "https://registry.npmjs.org/buffer/-/buffer-5.7.1.tgz",
      "integrity": "sha512-EHcyIPBQ4BSGlvjB16k5KgAJ27CIsHY/2JBmCRReo48y9rQ3MaUzWX3KVlBa4U7MyX02HdVj0K7C3WaB3ju7FQ==",
      "funding": [
        {
          "type": "github",
          "url": "https://github.com/sponsors/feross"
        },
        {
          "type": "patreon",
          "url": "https://www.patreon.com/feross"
        },
        {
          "type": "consulting",
          "url": "https://feross.org/support"
        }
      ],
      "dependencies": {
        "base64-js": "^1.3.1",
        "ieee754": "^1.1.13"
      }
    },
    "node_modules/buffer-from": {
      "version": "1.1.2",
      "resolved": "https://registry.npmjs.org/buffer-from/-/buffer-from-1.1.2.tgz",
      "integrity": "sha512-E+XQCRwSbaaiChtv6k6Dwgc+bx+Bs6vuKJHHl5kox/BaKbhiXzqQOwK4cO22yElGp2OCmjwVhT3HmxgyPGnJfQ=="
    },
    "node_modules/bufferutil": {
      "version": "1.1.0",
      "resolved": "https://registry.npmjs.org/bufferutil/-/bufferutil-1.1.0.tgz",
      "integrity": "sha512-bttEVtkre4VYrZH+ciatjApTuac7jLMQXVXzM/ymw82WFREdOrJO496C4Bkh0/FfYoBUSOFaAYF32a5Q8dyiLw==",
      "hasInstallScript": true,
      "optional": true,
      "dependencies": {
        "bindings": "1.2.x",
        "nan": "1.8.x"
      }
    },
    "node_modules/buildcheck": {
      "version": "0.0.6",
      "resolved": "https://registry.npmjs.org/buildcheck/-/buildcheck-0.0.6.tgz",
      "integrity": "sha512-8f9ZJCUXyT1M35Jx7MkBgmBMo3oHTTBIPLiY9xyL0pl3T5RwcPEY8cUHr5LBNfu/fk6c2T4DJZuVM/8ZZT2D2A==",
      "optional": true,
      "engines": {
        "node": ">=10.0.0"
      }
    },
    "node_modules/chownr": {
      "version": "1.1.4",
      "resolved": "https://registry.npmjs.org/chownr/-/chownr-1.1.4.tgz",
      "integrity": "sha512-jJ0bqzaylmJtVnNgzTeSOs8DPavpbYgEr/b0YL8/2GO3xJEhInFmhKMUnEJQjZumK7KXGFhUy89PrsJWlakBVg=="
    },
    "node_modules/concat-stream": {
      "version": "1.6.2",
      "resolved": "https://registry.npmjs.org/concat-stream/-/concat-stream-1.6.2.tgz",
      "integrity": "sha512-27HBghJxjiZtIk3Ycvn/4kbJk/1uZuJFfuPEns6LaEvpvG1f0hTea8lilrouyo9mVc2GWdcEZ8OLoGmSADlrCw==",
      "engines": [
        "node >= 0.8"
      ],
      "dependencies": {
        "buffer-from": "^1.0.0",
        "inherits": "^2.0.3",
        "readable-stream": "^2.2.2",
        "typedarray": "^0.0.6"
      }
    },
    "node_modules/core-util-is": {
      "version": "1.0.3",
      "resolved": "https://registry.npmjs.org/core-util-is/-/core-util-is-1.0.3.tgz",
      "integrity": "sha512-ZQBvi1DcpJ4GDqanjucZ2Hj3wEO5pZDS89BWbkcrvdxksJorwUDDZamX9ldFkp9aw2lmBDLgkObEA4DWNJ9FYQ=="
    },
    "node_modules/cpu-features": {
      "version": "0.0.9",
      "resolved": "https://registry.npmjs.org/cpu-features/-/cpu-features-0.0.9.tgz",
      "integrity": "sha512-AKjgn2rP2yJyfbepsmLfiYcmtNn/2eUvocUyM/09yB0YDiz39HteK/5/T4Onf0pmdYDMgkBoGvRLvEguzyL7wQ==",
      "hasInstallScript": true,
      "optional": true,
      "dependencies": {
        "buildcheck": "~0.0.6",
        "nan": "^2.17.0"
      },
      "engines": {
        "node": ">=10.0.0"
      }
    },
    "node_modules/cpu-features/node_modules/nan": {
      "version": "2.18.0",
      "resolved": "https://registry.npmjs.org/nan/-/nan-2.18.0.tgz",
      "integrity": "sha512-W7tfG7vMOGtD30sHoZSSc/JVYiyDPEyQVso/Zz+/uQd0B0L46gtC+pHha5FFMRpil6fm/AoEcRWyOVi4+E/f8w==",
      "optional": true
    },
    "node_modules/debug": {
      "version": "4.3.4",
      "resolved": "https://registry.npmjs.org/debug/-/debug-4.3.4.tgz",
      "integrity": "sha512-PRWFHuSU3eDtQJPvnNY7Jcket1j0t5OuOsFzPPzsekD52Zl8qUfFIPEiswXqIvHWGVHOgX+7G/vCNNhehwxfkQ==",
      "dependencies": {
        "ms": "2.1.2"
      },
      "engines": {
        "node": ">=6.0"
      },
      "peerDependenciesMeta": {
        "supports-color": {
          "optional": true
        }
      }
    },
    "node_modules/dhcurve": {
      "version": "1.3.0",
      "resolved": "https://registry.npmjs.org/dhcurve/-/dhcurve-1.3.0.tgz",
      "integrity": "sha512-z7knLbvFfvvza2IXwlPhfw2aLOHEMMyQoHUhkkxloK4Om2SidITemu/FFbCWifyQcAqpsVMy6Ob8QA7xZ1rKrw=="
    },
    "node_modules/docker-modem": {
      "version": "5.0.3",
      "resolved": "https://registry.npmjs.org/docker-modem/-/docker-modem-5.0.3.tgz",
      "integrity": "sha512-89zhop5YVhcPEt5FpUFGr3cDyceGhq/F9J+ZndQ4KfqNvfbJpPMfgeixFgUj5OjCYAboElqODxY5Z1EBsSa6sg==",
      "dependencies": {
        "debug": "^4.1.1",
        "readable-stream": "^3.5.0",
        "split-ca": "^1.0.1",
        "ssh2": "^1.15.0"
      },
      "engines": {
        "node": ">= 8.0"
      }
    },
    "node_modules/docker-modem/node_modules/readable-stream": {
      "version": "3.6.2",
      "resolved": "https://registry.npmjs.org/readable-stream/-/readable-stream-3.6.2.tgz",
      "integrity": "sha512-9u/sniCrY3D5WdsERHzHE4G2YCXqoG5FTHUiCC4SIbr6XcLZBY05ya9EKjYek9O5xOAwjGq+1JdGBAS7Q9ScoA==",
      "dependencies": {
        "inherits": "^2.0.3",
        "string_decoder": "^1.1.1",
        "util-deprecate": "^1.0.1"
      },
      "engines": {
        "node": ">= 6"
      }
    },
    "node_modules/dockerode": {
      "version": "4.0.2",
      "resolved": "https://registry.npmjs.org/dockerode/-/dockerode-4.0.2.tgz",
      "integrity": "sha512-9wM1BVpVMFr2Pw3eJNXrYYt6DT9k0xMcsSCjtPvyQ+xa1iPg/Mo3T/gUcwI0B2cczqCeCYRPF8yFYDwtFXT0+w==",
      "dependencies": {
        "@balena/dockerignore": "^1.0.2",
        "docker-modem": "^5.0.3",
        "tar-fs": "~2.0.1"
      },
      "engines": {
        "node": ">= 8.0"
      }
    },
    "node_modules/end-of-stream": {
      "version": "1.4.4",
      "resolved": "https://registry.npmjs.org/end-of-stream/-/end-of-stream-1.4.4.tgz",
      "integrity": "sha512-+uw1inIHVPQoaVuHzRyXd21icM+cnt4CzD5rW+NC1wjOUSTOs+Te7FOv7AhN7vS9x/oIyhLP5PR1H+phQAHu5Q==",
      "dependencies": {
        "once": "^1.4.0"
      }
    },
    "node_modules/es6-promises": {
      "version": "1.0.10",
      "resolved": "https://registry.npmjs.org/es6-promises/-/es6-promises-1.0.10.tgz",
      "integrity": "sha512-vDK9ROVR5mCtHGpMFrVgZWqrCGsESwAK37fM1mWK2Zo/H5FG54bT3NL5PCCRJ8dmu0FCfAjc+T0GRKhBwoJjRA==",
      "engines": {
        "node": ">=0.10.0"
      }
    },
    "node_modules/fs-constants": {
      "version": "1.0.0",
      "resolved": "https://registry.npmjs.org/fs-constants/-/fs-constants-1.0.0.tgz",
      "integrity": "sha512-y6OAwoSIf7FyjMIv94u+b5rdheZEjzR63GTyZJm5qh4Bi+2YgwLCcI/fPFZkL5PSixOt6ZNKm+w+Hfp/Bciwow=="
    },
    "node_modules/ieee754": {
      "version": "1.2.1",
      "resolved": "https://registry.npmjs.org/ieee754/-/ieee754-1.2.1.tgz",
      "integrity": "sha512-dcyqhDvX1C46lXZcVqCpK+FtMRQVdIMN6/Df5js2zouUsqG7I6sFxitIC+7KYK29KdXOLHdu9zL4sFnoVQnqaA==",
      "funding": [
        {
          "type": "github",
          "url": "https://github.com/sponsors/feross"
        },
        {
          "type": "patreon",
          "url": "https://www.patreon.com/feross"
        },
        {
          "type": "consulting",
          "url": "https://feross.org/support"
        }
      ]
    },
    "node_modules/inherits": {
      "version": "2.0.4",
      "resolved": "https://registry.npmjs.org/inherits/-/inherits-2.0.4.tgz",
      "integrity": "sha512-k/vGaX4/Yla3WzyMCvTQOXYeIHvqOKtnqBduzTHpzpQZzAskKMhZ2K+EnBiSM9zGSoIFeMpXKxa4dYeZIQqewQ=="
    },
    "node_modules/isarray": {
      "version": "1.0.0",
      "resolved": "https://registry.npmjs.org/isarray/-/isarray-1.0.0.tgz",
      "integrity": "sha512-VLghIWNM6ELQzo7zwmcg0NmTVyWKYjvIeM83yjp0wRDTmUnrM678fQbcKBo6n2CJEF0szoG//ytg+TKla89ALQ=="
    },
    "node_modules/mkdirp-classic": {
      "version": "0.5.3",
      "resolved": "https://registry.npmjs.org/mkdirp-classic/-/mkdirp-classic-0.5.3.tgz",
      "integrity": "sha512-gKLcREMhtuZRwRAfqP3RFW+TK4JqApVBtOIftVgjuABpAtpxhPGaDcfvbhNvD0B8iD1oUr/txX35NjcaY6Ns/A=="
    },
    "node_modules/ms": {
      "version": "2.1.2",
      "resolved": "https://registry.npmjs.org/ms/-/ms-2.1.2.tgz",
      "integrity": "sha512-sGkPx+VjMtmA6MX27oA4FBFELFCZZ4S4XqeGOXCv68tT+jb3vk/RyaKWP0PTKyWtmLSM0b+adUTEvbs1PEaH2w=="
    },
    "node_modules/nan": {
      "version": "1.8.4",
      "resolved": "https://registry.npmjs.org/nan/-/nan-1.8.4.tgz",
      "integrity": "sha512-609zQ1h3ApgH/94qmbbEklSrjcYYXCHnsWk4MAojq4OUk3tidhDYhPaMasMFKsZPZ96r4eQA1hbR2W4H7/77XA==",
      "optional": true
    },
    "node_modules/once": {
      "version": "1.4.0",
      "resolved": "https://registry.npmjs.org/once/-/once-1.4.0.tgz",
      "integrity": "sha512-lNaJgI+2Q5URQBkccEKHTQOPaXdUxnZZElQTZY0MFUAuaEqe1E+Nyvgdz/aIyNi6Z9MzO5dv1H8n58/GELp3+w==",
      "dependencies": {
        "wrappy": "1"
      }
    },
    "node_modules/options": {
      "version": "0.0.6",
      "resolved": "https://registry.npmjs.org/options/-/options-0.0.6.tgz",
      "integrity": "sha512-bOj3L1ypm++N+n7CEbbe473A414AB7z+amKYshRb//iuL3MpdDCLhPnw6aVTdKB9g5ZRVHIEp8eUln6L2NUStg==",
      "engines": {
        "node": ">=0.4.0"
      }
    },
    "node_modules/os-shim": {
      "version": "0.1.3",
      "resolved": "https://registry.npmjs.org/os-shim/-/os-shim-0.1.3.tgz",
      "integrity": "sha512-jd0cvB8qQ5uVt0lvCIexBaROw1KyKm5sbulg2fWOHjETisuCzWyt+eTZKEMs8v6HwzoGs8xik26jg7eCM6pS+A==",
      "engines": {
        "node": ">= 0.4.0"
      }
    },
    "node_modules/process-nextick-args": {
      "version": "2.0.1",
      "resolved": "https://registry.npmjs.org/process-nextick-args/-/process-nextick-args-2.0.1.tgz",
      "integrity": "sha512-3ouUOpQhtgrbOa17J7+uxOTpITYWaGP7/AhoR3+A+/1e9skrzelGi/dXzEYyvbxubEF6Wn2ypscTKiKJFFn1ag=="
    },
    "node_modules/pump": {
      "version": "3.0.0",
      "resolved": "https://registry.npmjs.org/pump/-/pump-3.0.0.tgz",
      "integrity": "sha512-LwZy+p3SFs1Pytd/jYct4wpv49HiYCqd9Rlc5ZVdk0V+8Yzv6jR5Blk3TRmPL1ft69TxP0IMZGJ+WPFU2BFhww==",
      "dependencies": {
        "end-of-stream": "^1.1.0",
        "once": "^1.3.1"
      }
    },
    "node_modules/readable-stream": {
      "version": "2.3.8",
      "resolved": "https://registry.npmjs.org/readable-stream/-/readable-stream-2.3.8.tgz",
      "integrity": "sha512-8p0AUk4XODgIewSi0l8Epjs+EVnWiK7NoDIEGU0HhE7+ZyY8D1IMY7odu5lRrFXGg71L15KG8QrPmum45RTtdA==",
      "dependencies": {
        "core-util-is": "~1.0.0",
        "inherits": "~2.0.3",
        "isarray": "~1.0.0",
        "process-nextick-args": "~2.0.0",
        "safe-buffer": "~5.1.1",
        "string_decoder": "~1.1.1",
        "util-deprecate": "~1.0.1"
      }
    },
    "node_modules/safe-buffer": {
      "version": "5.1.2",
      "resolved": "https://registry.npmjs.org/safe-buffer/-/safe-buffer-5.1.2.tgz",
      "integrity": "sha512-Gd2UZBJDkXlY7GbJxfsE8/nvKkUEU1G38c1siN6QP6a9PT9MmHB8GnpscSmMJSoF8LOIrt8ud/wPtojys4G6+g=="
    },
    "node_modules/safer-buffer": {
      "version": "2.1.2",
      "resolved": "https://registry.npmjs.org/safer-buffer/-/safer-buffer-2.1.2.tgz",
      "integrity": "sha512-YZo3K82SD7Riyi0E1EQPojLz7kpepnSQI9IyPbHHg1XXXevb5dJI7tpyN2ADxGcQbHG7vcyRHk0cbwqcQriUtg=="
    },
    "node_modules/spawn-sync": {
      "version": "1.0.15",
      "resolved": "https://registry.npmjs.org/spawn-sync/-/spawn-sync-1.0.15.tgz",
      "integrity": "sha512-9DWBgrgYZzNghseho0JOuh+5fg9u6QWhAWa51QC7+U5rCheZ/j1DrEZnyE0RBBRqZ9uEXGPgSSM0nky6burpVw==",
      "hasInstallScript": true,
      "dependencies": {
        "concat-stream": "^1.4.7",
        "os-shim": "^0.1.2"
      }
    },
    "node_modules/split-ca": {
      "version": "1.0.1",
      "resolved": "https://registry.npmjs.org/split-ca/-/split-ca-1.0.1.tgz",
      "integrity": "sha512-Q5thBSxp5t8WPTTJQS59LrGqOZqOsrhDGDVm8azCqIBjSBd7nd9o2PM+mDulQQkh8h//4U6hFZnc/mul8t5pWQ=="
    },
    "node_modules/ssh2": {
      "version": "1.15.0",
      "resolved": "https://registry.npmjs.org/ssh2/-/ssh2-1.15.0.tgz",
      "integrity": "sha512-C0PHgX4h6lBxYx7hcXwu3QWdh4tg6tZZsTfXcdvc5caW/EMxaB4H9dWsl7qk+F7LAW762hp8VbXOX7x4xUYvEw==",
      "hasInstallScript": true,
      "dependencies": {
        "asn1": "^0.2.6",
        "bcrypt-pbkdf": "^1.0.2"
      },
      "engines": {
        "node": ">=10.16.0"
      },
      "optionalDependencies": {
        "cpu-features": "~0.0.9",
        "nan": "^2.18.0"
      }
    },
    "node_modules/ssh2/node_modules/nan": {
      "version": "2.18.0",
      "resolved": "https://registry.npmjs.org/nan/-/nan-2.18.0.tgz",
      "integrity": "sha512-W7tfG7vMOGtD30sHoZSSc/JVYiyDPEyQVso/Zz+/uQd0B0L46gtC+pHha5FFMRpil6fm/AoEcRWyOVi4+E/f8w==",
      "optional": true
    },
    "node_modules/string_decoder": {
      "version": "1.1.1",
      "resolved": "https://registry.npmjs.org/string_decoder/-/string_decoder-1.1.1.tgz",
      "integrity": "sha512-n/ShnvDi6FHbbVfviro+WojiFzv+s8MPMHBczVePfUpDJLwoLT0ht1l4YwBCbi8pJAveEEdnkHyPyTP/mzRfwg==",
      "dependencies": {
        "safe-buffer": "~5.1.0"
      }
    },
    "node_modules/tar-fs": {
      "version": "2.0.1",
      "resolved": "https://registry.npmjs.org/tar-fs/-/tar-fs-2.0.1.tgz",
      "integrity": "sha512-6tzWDMeroL87uF/+lin46k+Q+46rAJ0SyPGz7OW7wTgblI273hsBqk2C1j0/xNadNLKDTUL9BukSjB7cwgmlPA==",
      "dependencies": {
        "chownr": "^1.1.1",
        "mkdirp-classic": "^0.5.2",
        "pump": "^3.0.0",
        "tar-stream": "^2.0.0"
      }
    },
    "node_modules/tar-stream": {
      "version": "2.2.0",
      "resolved": "https://registry.npmjs.org/tar-stream/-/tar-stream-2.2.0.tgz",
      "integrity": "sha512-ujeqbceABgwMZxEJnk2HDY2DlnUZ+9oEcb1KzTVfYHio0UE6dG71n60d8D2I4qNvleWrrXpmjpt7vZeF1LnMZQ==",
      "dependencies": {
        "bl": "^4.0.3",
        "end-of-stream": "^1.4.1",
        "fs-constants": "^1.0.0",
        "inherits": "^2.0.3",
        "readable-stream": "^3.1.1"
      },
      "engines": {
        "node": ">=6"
      }
    },
    "node_modules/tar-stream/node_modules/readable-stream": {
      "version": "3.6.2",
      "resolved": "https://registry.npmjs.org/readable-stream/-/readable-stream-3.6.2.tgz",
      "integrity": "sha512-9u/sniCrY3D5WdsERHzHE4G2YCXqoG5FTHUiCC4SIbr6XcLZBY05ya9EKjYek9O5xOAwjGq+1JdGBAS7Q9ScoA==",
      "dependencies": {
        "inherits": "^2.0.3",
        "string_decoder": "^1.1.1",
        "util-deprecate": "^1.0.1"
      },
      "engines": {
        "node": ">= 6"
      }
    },
    "node_modules/tweetnacl": {
      "version": "0.14.5",
      "resolved": "https://registry.npmjs.org/tweetnacl/-/tweetnacl-0.14.5.tgz",
      "integrity": "sha512-KXXFFdAbFXY4geFIwoyNK+f5Z1b7swfXABfL7HXCmoIWMKU3dmS26672A4EeQtDzLKy7SXmfBu51JolvEKwtGA=="
    },
    "node_modules/typedarray": {
      "version": "0.0.6",
      "resolved": "https://registry.npmjs.org/typedarray/-/typedarray-0.0.6.tgz",
      "integrity": "sha512-/aCDEGatGvZ2BIk+HmLf4ifCJFwvKFNb9/JeZPMulfgFracn9QFcAf5GO8B/mweUjSoblS5In0cWhqpfs/5PQA=="
    },
    "node_modules/typescript": {
      "version": "5.3.3",
      "resolved": "https://registry.npmjs.org/typescript/-/typescript-5.3.3.tgz",
      "integrity": "sha512-pXWcraxM0uxAS+tN0AG/BF2TyqmHO014Z070UsJ+pFvYuRSq8KH8DmWpnbXe0pEPDHXZV3FcAbJkijJ5oNEnWw==",
      "bin": {
        "tsc": "bin/tsc",
        "tsserver": "bin/tsserver"
      },
      "engines": {
        "node": ">=14.17"
      }
    },
    "node_modules/ultron": {
      "version": "1.0.2",
      "resolved": "https://registry.npmjs.org/ultron/-/ultron-1.0.2.tgz",
      "integrity": "sha512-QMpnpVtYaWEeY+MwKDN/UdKlE/LsFZXM5lO1u7GaZzNgmIbGixHEmVMIKT+vqYOALu3m5GYQy9kz4Xu4IVn7Ow=="
    },
    "node_modules/undici-types": {
      "version": "5.26.5",
      "resolved": "https://registry.npmjs.org/undici-types/-/undici-types-5.26.5.tgz",
      "integrity": "sha512-JlCMO+ehdEIKqlFxk6IfVoAUVmgz7cU7zD/h9XZ0qzeosSHmUJVOzSQvvYSYWXkFXC+IfLKSIffhv0sVZup6pA=="
    },
    "node_modules/utf-8-validate": {
      "version": "1.1.0",
      "resolved": "https://registry.npmjs.org/utf-8-validate/-/utf-8-validate-1.1.0.tgz",
      "integrity": "sha512-Qsgu1u2akdyOneurUEVf/tXhkqBQMoE3x0GY5+P7ayPHvVzTqOkkgBhtl26wm6ap10Amhwy0jIhPwMGywx76QQ==",
      "hasInstallScript": true,
      "optional": true,
      "dependencies": {
        "bindings": "1.2.x",
        "nan": "1.8.x"
      }
    },
    "node_modules/util-deprecate": {
      "version": "1.0.2",
      "resolved": "https://registry.npmjs.org/util-deprecate/-/util-deprecate-1.0.2.tgz",
      "integrity": "sha512-EPD5q1uXyFxJpCrLnCc1nHnq3gOa6DZBocAIiI2TaSCA7VCJ1UJDMagCzIkXNsUYfD1daK//LTEQ8xiIbrHtcw=="
    },
    "node_modules/wrappy": {
      "version": "1.0.2",
      "resolved": "https://registry.npmjs.org/wrappy/-/wrappy-1.0.2.tgz",
      "integrity": "sha512-l4Sp/DRseor9wL6EvV2+TuQn63dMkPjZ/sp9XkghTEbV9KlPS1xUsZ3u7/IQO4wxtcFB4bgpQPRcR3QCvezPcQ=="
    },
    "node_modules/ws": {
      "version": "0.7.2",
      "resolved": "https://registry.npmjs.org/ws/-/ws-0.7.2.tgz",
      "integrity": "sha512-8mJ1Ku743qD/PKmO9Dg+y7BXTwzUgKdXguecfIyOVHFmez4JMqMF+V+M684btmQXHlwzyrJqRl3NYDltGDf6CQ==",
      "dependencies": {
        "options": ">=0.0.5",
        "ultron": "1.0.x"
      },
      "optionalDependencies": {
        "bufferutil": "1.1.x",
        "utf-8-validate": "1.1.x"
      }
    }
  }
}
